
Microsoft Visual Studio Solution File, Format Version 12.00
# Visual Studio Version 16
VisualStudioVersion = 16.0.30804.86
MinimumVisualStudioVersion = 10.0.40219.1
Project("{FAE04EC0-301F-11D3-BF4B-00C04F79EFBC}") = "K_Eszter_File_read_File_write", "K_Eszter_File_read_File_write\K_Eszter_File_read_File_write.csproj", "{579AD4DF-DA3A-4769-A681-F4E0D9E32740}"
EndProject
Global
	GlobalSection(SolutionConfigurationPlatforms) = preSolution
		Debug|Any CPU = Debug|Any CPU
		Release|Any CPU = Release|Any CPU
	EndGlobalSection
	GlobalSection(ProjectConfigurationPlatforms) = postSolution
		{579AD4DF-DA3A-4769-A681-F4E0D9E32740}.Debug|Any CPU.ActiveCfg = Debug|Any CPU
		{579AD4DF-DA3A-4769-A681-F4E0D9E32740}.Debug|Any CPU.Build.0 = Debug|Any CPU
		{579AD4DF-DA3A-4769-A681-F4E0D9E32740}.Release|Any CPU.ActiveCfg = Release|Any CPU
		{579AD4DF-DA3A-4769-A681-F4E0D9E32740}.Release|Any CPU.Build.0 = Release|Any CPU
	EndGlobalSection
	GlobalSection(SolutionProperties) = preSolution
		HideSolutionNode = FALSE
	EndGlobalSection
	GlobalSection(ExtensibilityGlobals) = postSolution
		SolutionGuid = {454CC6E1-6240-4048-AE56-15F5885B8CC1}
	EndGlobalSection
EndGlobal
